
Microsoft Visual Studio Solution File, Format Version 12.00
# Visual Studio Version 17
VisualStudioVersion = 17.2.32630.192
MinimumVisualStudioVersion = 10.0.40219.1
Project("{FAE04EC0-301F-11D3-BF4B-00C04F79EFBC}") = "Patriot", "Patriot\Patriot.csproj", "{F7FAED1D-599C-4C44-8882-442549465588}"
EndProject
Global
	GlobalSection(SolutionConfigurationPlatforms) = preSolution
		Debug|Any CPU = Debug|Any CPU
		Release|Any CPU = Release|Any CPU
	EndGlobalSection
	GlobalSection(ProjectConfigurationPlatforms) = postSolution
		{F7FAED1D-599C-4C44-8882-442549465588}.Debug|Any CPU.ActiveCfg = Debug|Any CPU
		{F7FAED1D-599C-4C44-8882-442549465588}.Debug|Any CPU.Build.0 = Debug|Any CPU
		{F7FAED1D-599C-4C44-8882-442549465588}.Release|Any CPU.ActiveCfg = Release|Any CPU
		{F7FAED1D-599C-4C44-8882-442549465588}.Release|Any CPU.Build.0 = Release|Any CPU
	EndGlobalSection
	GlobalSection(SolutionProperties) = preSolution
		HideSolutionNode = FALSE
	EndGlobalSection
	GlobalSection(ExtensibilityGlobals) = postSolution
		SolutionGuid = {281F5AAC-8715-467E-A5F3-8A966BC71662}
	EndGlobalSection
EndGlobal
